
Microsoft Visual Studio Solution File, Format Version 12.00
# Visual Studio Version 16
VisualStudioVersion = 16.0.31129.286
MinimumVisualStudioVersion = 10.0.40219.1
Project("{9A19103F-16F7-4668-BE54-9A1E7A4F7556}") = "WpfPractice2", "WpfPractice2\WpfPractice2.csproj", "{98D22991-24E7-4518-B720-C04F00A0662A}"
EndProject
Project("{9A19103F-16F7-4668-BE54-9A1E7A4F7556}") = "ConsoleApp1", "ConsoleApp1\ConsoleApp1.csproj", "{E86387BB-85AC-4615-A0C0-2C8F0258826F}"
EndProject
Project("{FAE04EC0-301F-11D3-BF4B-00C04F79EFBC}") = "PrismPractice", "PrismPractice\PrismPractice.csproj", "{3DA604D3-7D49-4766-B009-F3E59F098F8D}"
EndProject
Global
	GlobalSection(SolutionConfigurationPlatforms) = preSolution
		Debug|Any CPU = Debug|Any CPU
		Release|Any CPU = Release|Any CPU
	EndGlobalSection
	GlobalSection(ProjectConfigurationPlatforms) = postSolution
		{98D22991-24E7-4518-B720-C04F00A0662A}.Debug|Any CPU.ActiveCfg = Debug|Any CPU
		{98D22991-24E7-4518-B720-C04F00A0662A}.Debug|Any CPU.Build.0 = Debug|Any CPU
		{98D22991-24E7-4518-B720-C04F00A0662A}.Release|Any CPU.ActiveCfg = Release|Any CPU
		{98D22991-24E7-4518-B720-C04F00A0662A}.Release|Any CPU.Build.0 = Release|Any CPU
		{E86387BB-85AC-4615-A0C0-2C8F0258826F}.Debug|Any CPU.ActiveCfg = Debug|Any CPU
		{E86387BB-85AC-4615-A0C0-2C8F0258826F}.Debug|Any CPU.Build.0 = Debug|Any CPU
		{E86387BB-85AC-4615-A0C0-2C8F0258826F}.Release|Any CPU.ActiveCfg = Release|Any CPU
		{E86387BB-85AC-4615-A0C0-2C8F0258826F}.Release|Any CPU.Build.0 = Release|Any CPU
		{3DA604D3-7D49-4766-B009-F3E59F098F8D}.Debug|Any CPU.ActiveCfg = Debug|Any CPU
		{3DA604D3-7D49-4766-B009-F3E59F098F8D}.Debug|Any CPU.Build.0 = Debug|Any CPU
		{3DA604D3-7D49-4766-B009-F3E59F098F8D}.Release|Any CPU.ActiveCfg = Release|Any CPU
		{3DA604D3-7D49-4766-B009-F3E59F098F8D}.Release|Any CPU.Build.0 = Release|Any CPU
	EndGlobalSection
	GlobalSection(SolutionProperties) = preSolution
		HideSolutionNode = FALSE
	EndGlobalSection
	GlobalSection(ExtensibilityGlobals) = postSolution
		SolutionGuid = {E60BB843-8F42-4031-976C-4EDF8F6D9956}
	EndGlobalSection
EndGlobal
