
Microsoft Visual Studio Solution File, Format Version 12.00
# Visual Studio Version 16
VisualStudioVersion = 16.0.31129.286
MinimumVisualStudioVersion = 10.0.40219.1
Project("{FAE04EC0-301F-11D3-BF4B-00C04F79EFBC}") = "PrismSample2", "PrismSample2\PrismSample2.csproj", "{C67FA686-C1C3-42ED-BC07-D2775B8507D1}"
EndProject
Project("{FAE04EC0-301F-11D3-BF4B-00C04F79EFBC}") = "MVVMBasicSample", "ViewModelLocatorSample\MVVMBasicSample.csproj", "{3D0CE4AA-9461-4BC6-B177-E12487FF2E69}"
EndProject
Project("{FAE04EC0-301F-11D3-BF4B-00C04F79EFBC}") = "ValidationSample", "ValidationSample\ValidationSample.csproj", "{4BBCF9ED-8022-448E-A1D6-795AE84CBFEA}"
EndProject
Global
	GlobalSection(SolutionConfigurationPlatforms) = preSolution
		Debug|Any CPU = Debug|Any CPU
		Release|Any CPU = Release|Any CPU
	EndGlobalSection
	GlobalSection(ProjectConfigurationPlatforms) = postSolution
		{C67FA686-C1C3-42ED-BC07-D2775B8507D1}.Debug|Any CPU.ActiveCfg = Debug|Any CPU
		{C67FA686-C1C3-42ED-BC07-D2775B8507D1}.Debug|Any CPU.Build.0 = Debug|Any CPU
		{C67FA686-C1C3-42ED-BC07-D2775B8507D1}.Release|Any CPU.ActiveCfg = Release|Any CPU
		{C67FA686-C1C3-42ED-BC07-D2775B8507D1}.Release|Any CPU.Build.0 = Release|Any CPU
		{3D0CE4AA-9461-4BC6-B177-E12487FF2E69}.Debug|Any CPU.ActiveCfg = Debug|Any CPU
		{3D0CE4AA-9461-4BC6-B177-E12487FF2E69}.Debug|Any CPU.Build.0 = Debug|Any CPU
		{3D0CE4AA-9461-4BC6-B177-E12487FF2E69}.Release|Any CPU.ActiveCfg = Release|Any CPU
		{3D0CE4AA-9461-4BC6-B177-E12487FF2E69}.Release|Any CPU.Build.0 = Release|Any CPU
		{4BBCF9ED-8022-448E-A1D6-795AE84CBFEA}.Debug|Any CPU.ActiveCfg = Debug|Any CPU
		{4BBCF9ED-8022-448E-A1D6-795AE84CBFEA}.Debug|Any CPU.Build.0 = Debug|Any CPU
		{4BBCF9ED-8022-448E-A1D6-795AE84CBFEA}.Release|Any CPU.ActiveCfg = Release|Any CPU
		{4BBCF9ED-8022-448E-A1D6-795AE84CBFEA}.Release|Any CPU.Build.0 = Release|Any CPU
	EndGlobalSection
	GlobalSection(SolutionProperties) = preSolution
		HideSolutionNode = FALSE
	EndGlobalSection
	GlobalSection(ExtensibilityGlobals) = postSolution
		SolutionGuid = {3D02ECF3-B48D-4C03-AEA9-34371B1ADC66}
	EndGlobalSection
EndGlobal
